
Microsoft Visual Studio Solution File, Format Version 9.00
# Visual Studio 2005
Project("{FAE04EC0-301F-11D3-BF4B-00C04F79EFBC}") = "TemperatureLogger", "TemperatureLogger\TemperatureLogger.csproj", "{4D665927-C649-4A7A-A918-3F5D6205F0CE}"
EndProject
Global
	GlobalSection(SubversionScc) = preSolution
		Svn-Managed = True
		Manager = AnkhSVN - Subversion Support for Visual Studio
	EndGlobalSection
	GlobalSection(SolutionConfigurationPlatforms) = preSolution
		Debug|Any CPU = Debug|Any CPU
		Release|Any CPU = Release|Any CPU
	EndGlobalSection
	GlobalSection(ProjectConfigurationPlatforms) = postSolution
		{4D665927-C649-4A7A-A918-3F5D6205F0CE}.Debug|Any CPU.ActiveCfg = Debug|Any CPU
		{4D665927-C649-4A7A-A918-3F5D6205F0CE}.Debug|Any CPU.Build.0 = Debug|Any CPU
		{4D665927-C649-4A7A-A918-3F5D6205F0CE}.Release|Any CPU.ActiveCfg = Release|Any CPU
		{4D665927-C649-4A7A-A918-3F5D6205F0CE}.Release|Any CPU.Build.0 = Release|Any CPU
	EndGlobalSection
	GlobalSection(SolutionProperties) = preSolution
		HideSolutionNode = FALSE
	EndGlobalSection
EndGlobal
